
Microsoft Visual Studio Solution File, Format Version 12.00
# Visual Studio Version 16
VisualStudioVersion = 16.0.30225.117
MinimumVisualStudioVersion = 10.0.40219.1
Project("{FAE04EC0-301F-11D3-BF4B-00C04F79EFBC}") = "MusicCompositionDAL", "MusicCompositionDAL\MusicCompositionDAL.csproj", "{7246D777-6C8A-4182-9FD7-28CEFF6A250A}"
EndProject
Project("{FAE04EC0-301F-11D3-BF4B-00C04F79EFBC}") = "MusicCompositionBL", "MusicCompositionBL\MusicCompositionBL.csproj", "{50E967F9-B9EA-45D7-8A71-109C43EEE31D}"
EndProject
Project("{FAE04EC0-301F-11D3-BF4B-00C04F79EFBC}") = "Models", "Models\Models.csproj", "{49821142-566B-4A82-A93F-E0497F8E407E}"
EndProject
Project("{FAE04EC0-301F-11D3-BF4B-00C04F79EFBC}") = "API", "API\API.csproj", "{383051B2-C97D-465E-8BB8-25C6641D3F18}"
EndProject
Global
	GlobalSection(SolutionConfigurationPlatforms) = preSolution
		Debug|Any CPU = Debug|Any CPU
		Release|Any CPU = Release|Any CPU
	EndGlobalSection
	GlobalSection(ProjectConfigurationPlatforms) = postSolution
		{7246D777-6C8A-4182-9FD7-28CEFF6A250A}.Debug|Any CPU.ActiveCfg = Debug|Any CPU
		{7246D777-6C8A-4182-9FD7-28CEFF6A250A}.Debug|Any CPU.Build.0 = Debug|Any CPU
		{7246D777-6C8A-4182-9FD7-28CEFF6A250A}.Release|Any CPU.ActiveCfg = Release|Any CPU
		{7246D777-6C8A-4182-9FD7-28CEFF6A250A}.Release|Any CPU.Build.0 = Release|Any CPU
		{50E967F9-B9EA-45D7-8A71-109C43EEE31D}.Debug|Any CPU.ActiveCfg = Debug|Any CPU
		{50E967F9-B9EA-45D7-8A71-109C43EEE31D}.Debug|Any CPU.Build.0 = Debug|Any CPU
		{50E967F9-B9EA-45D7-8A71-109C43EEE31D}.Release|Any CPU.ActiveCfg = Release|Any CPU
		{50E967F9-B9EA-45D7-8A71-109C43EEE31D}.Release|Any CPU.Build.0 = Release|Any CPU
		{49821142-566B-4A82-A93F-E0497F8E407E}.Debug|Any CPU.ActiveCfg = Debug|Any CPU
		{49821142-566B-4A82-A93F-E0497F8E407E}.Debug|Any CPU.Build.0 = Debug|Any CPU
		{49821142-566B-4A82-A93F-E0497F8E407E}.Release|Any CPU.ActiveCfg = Release|Any CPU
		{49821142-566B-4A82-A93F-E0497F8E407E}.Release|Any CPU.Build.0 = Release|Any CPU
		{383051B2-C97D-465E-8BB8-25C6641D3F18}.Debug|Any CPU.ActiveCfg = Debug|Any CPU
		{383051B2-C97D-465E-8BB8-25C6641D3F18}.Debug|Any CPU.Build.0 = Debug|Any CPU
		{383051B2-C97D-465E-8BB8-25C6641D3F18}.Release|Any CPU.ActiveCfg = Release|Any CPU
		{383051B2-C97D-465E-8BB8-25C6641D3F18}.Release|Any CPU.Build.0 = Release|Any CPU
	EndGlobalSection
	GlobalSection(SolutionProperties) = preSolution
		HideSolutionNode = FALSE
	EndGlobalSection
	GlobalSection(ExtensibilityGlobals) = postSolution
		SolutionGuid = {741D8A8D-67BE-4471-BBCA-0000785422CA}
	EndGlobalSection
EndGlobal
